
Microsoft Visual Studio Solution File, Format Version 12.00
# Visual Studio Version 17
VisualStudioVersion = 17.12.35527.113 d17.12
MinimumVisualStudioVersion = 10.0.40219.1
Project("{FAE04EC0-301F-11D3-BF4B-00C04F79EFBC}") = "Drive.Domain", "Drive.Domain\Drive.Domain.csproj", "{5258C7F7-F623-42FF-874C-77ED7D7C30D8}"
EndProject
Project("{FAE04EC0-301F-11D3-BF4B-00C04F79EFBC}") = "Drive.Data", "Drive.Data\Drive.Data.csproj", "{8CE28A6B-BF9B-4CA3-A256-1EE8C63E7B7C}"
EndProject
Project("{FAE04EC0-301F-11D3-BF4B-00C04F79EFBC}") = "Drive.Presentation", "Drive.Presentation\Drive.Presentation.csproj", "{BA7CD20E-C707-4D6D-88D8-153B30C9B10D}"
EndProject
Global
	GlobalSection(SolutionConfigurationPlatforms) = preSolution
		Debug|Any CPU = Debug|Any CPU
		Release|Any CPU = Release|Any CPU
	EndGlobalSection
	GlobalSection(ProjectConfigurationPlatforms) = postSolution
		{5258C7F7-F623-42FF-874C-77ED7D7C30D8}.Debug|Any CPU.ActiveCfg = Debug|Any CPU
		{5258C7F7-F623-42FF-874C-77ED7D7C30D8}.Debug|Any CPU.Build.0 = Debug|Any CPU
		{5258C7F7-F623-42FF-874C-77ED7D7C30D8}.Release|Any CPU.ActiveCfg = Release|Any CPU
		{5258C7F7-F623-42FF-874C-77ED7D7C30D8}.Release|Any CPU.Build.0 = Release|Any CPU
		{8CE28A6B-BF9B-4CA3-A256-1EE8C63E7B7C}.Debug|Any CPU.ActiveCfg = Debug|Any CPU
		{8CE28A6B-BF9B-4CA3-A256-1EE8C63E7B7C}.Debug|Any CPU.Build.0 = Debug|Any CPU
		{8CE28A6B-BF9B-4CA3-A256-1EE8C63E7B7C}.Release|Any CPU.ActiveCfg = Release|Any CPU
		{8CE28A6B-BF9B-4CA3-A256-1EE8C63E7B7C}.Release|Any CPU.Build.0 = Release|Any CPU
		{BA7CD20E-C707-4D6D-88D8-153B30C9B10D}.Debug|Any CPU.ActiveCfg = Debug|Any CPU
		{BA7CD20E-C707-4D6D-88D8-153B30C9B10D}.Debug|Any CPU.Build.0 = Debug|Any CPU
		{BA7CD20E-C707-4D6D-88D8-153B30C9B10D}.Release|Any CPU.ActiveCfg = Release|Any CPU
		{BA7CD20E-C707-4D6D-88D8-153B30C9B10D}.Release|Any CPU.Build.0 = Release|Any CPU
	EndGlobalSection
	GlobalSection(SolutionProperties) = preSolution
		HideSolutionNode = FALSE
	EndGlobalSection
EndGlobal
